PODS:
  - OpenCV (4.3.0)
  - TrImageClassifyKit (0.1.0):
    - OpenCV

DEPENDENCIES:
  - TrImageClassifyKit (from `../`)

SPEC REPOS:
  trunk:
    - OpenCV

EXTERNAL SOURCES:
  TrImageClassifyKit:
    :path: "../"

SPEC CHECKSUMS:
  OpenCV: 681e0451c1e54c5930a8922277f817ed5d5ab459
  TrImageClassifyKit: 297fee5b27d17523ce1d21644d95ea848142b0ee

PODFILE CHECKSUM: 2dbbc0b89b911bebbfe89f0dd3ee44e52ccb712b

COCOAPODS: 1.15.2
