PODS:
  - OpenCV2 (4.3.0)
  - TrImageClassifyKit (0.1.0):
    - OpenCV2

DEPENDENCIES:
  - TrImageClassifyKit (from `../`)

SPEC REPOS:
  trunk:
    - OpenCV2

EXTERNAL SOURCES:
  TrImageClassifyKit:
    :path: "../"

SPEC CHECKSUMS:
  OpenCV2: ffe82e5cb5d16dc3fc01a5f4127b9a5b3cfc7d1b
  TrImageClassifyKit: 11c92650a0fda2e231e9f08bf7072570b2a577e3

PODFILE CHECKSUM: 2dbbc0b89b911bebbfe89f0dd3ee44e52ccb712b

COCOAPODS: 1.15.2
